{
  "name": "libsql",
  "version": "0.3.4",
  "lockfileVersion": 2,
  "requires": true,
  "packages": {
    "": {
      "name": "libsql",
      "version": "0.3.4",
      "cpu": [
        "x64",
        "arm64"
      ],
      "license": "MIT",
      "os": [
        "darwin",
        "linux",
        "win32"
      ],
      "dependencies": {
        "@neon-rs/load": "^0.0.4",
        "detect-libc": "2.0.2"
      },
      "devDependencies": {
        "@neon-rs/cli": "^0.0.202"
      }
    },
    "node_modules/@cargo-messages/android-arm-eabi": {
      "version": "0.0.200",
      "resolved": "https://registry.npmjs.org/@cargo-messages/android-arm-eabi/-/android-arm-eabi-0.0.200.tgz",
      "integrity": "sha512-pSg7uTFqCKG60/HaW72ooz51O5ASbmLSjl4R6qUnCQgU3E39z1gbScH292bd5HbbzL2X4a6wSwiZeKET7550cQ==",
      "cpu": [
        "arm"
      ],
      "dev": true,
      "optional": true,
      "os": [
        "android"
      ]
    },
    "node_modules/@cargo-messages/darwin-arm64": {
      "version": "0.0.197",
      "resolved": "https://registry.npmjs.org/@cargo-messages/darwin-arm64/-/darwin-arm64-0.0.197.tgz",
      "integrity": "sha512-kg64fRSHRCX0U8/GnM4Xg9PPC4zBhj1phAGvuCa9UDKfOYpkX0OPTFULF9ux9F9sxBAiiPaMwNe6PIOlb1arSA==",
      "cpu": [
        "arm64"
      ],
      "dev": true,
      "optional": true,
      "os": [
        "darwin"
      ]
    },
    "node_modules/@cargo-messages/darwin-x64": {
      "version": "0.0.197",
      "resolved": "https://registry.npmjs.org/@cargo-messages/darwin-x64/-/darwin-x64-0.0.197.tgz",
      "integrity": "sha512-qsXkDUDQbH64znlg+w32ki0VCh4oCv1Zp4YsYRLWrSV1tDDfuueWpGyZEXtUhpjopCnEJtR0RR2moPpq+Jptzg==",
      "cpu": [
        "x64"
      ],
      "dev": true,
      "optional": true,
      "os": [
        "darwin"
      ]
    },
    "node_modules/@cargo-messages/linux-arm-gnueabihf": {
      "version": "0.0.197",
      "resolved": "https://registry.npmjs.org/@cargo-messages/linux-arm-gnueabihf/-/linux-arm-gnueabihf-0.0.197.tgz",
      "integrity": "sha512-xuYrnYZJ1cF9PEq23cxhramgHy6pBS5afrkdU55bZbVMG/LQCDbANZD9mTuJn9xIyt5owku6IKD3+CdDCe04zA==",
      "cpu": [
        "arm"
      ],
      "dev": true,
      "optional": true,
      "os": [
        "linux"
      ]
    },
    "node_modules/@cargo-messages/linux-x64-gnu": {
      "version": "0.0.197",
      "resolved": "https://registry.npmjs.org/@cargo-messages/linux-x64-gnu/-/linux-x64-gnu-0.0.197.tgz",
      "integrity": "sha512-ov9RHVbu+tVd3T2shZTH0ALyXgd99WwtFO3/olfx8VlbmJsuzz0HKN79SzhU4cG95jS7PCYQ2lCa4M+EOoMiFA==",
      "cpu": [
        "x64"
      ],
      "dev": true,
      "optional": true,
      "os": [
        "linux"
      ]
    },
    "node_modules/@cargo-messages/win32-arm64-msvc": {
      "version": "0.0.197",
      "resolved": "https://registry.npmjs.org/@cargo-messages/win32-arm64-msvc/-/win32-arm64-msvc-0.0.197.tgz",
      "integrity": "sha512-OA5aH6bPVxadsrWd/yEIOZgbPasWNmw8ZKYXdg4k5FmPhKGCGZMQBjbRs3lLAM2Zf9iL7vMTsDHG0R0ypJirVA==",
      "cpu": [
        "arm64"
      ],
      "dev": true,
      "optional": true,
      "os": [
        "win32"
      ]
    },
    "node_modules/@cargo-messages/win32-x64-msvc": {
      "version": "0.0.197",
      "resolved": "https://registry.npmjs.org/@cargo-messages/win32-x64-msvc/-/win32-x64-msvc-0.0.197.tgz",
      "integrity": "sha512-U66y7LeIQEuIiKCcrgGR4HBUSP4rU8OE455n2///cooHyaBxrLjyBinPeObC76qAul6WTYJhaQ0pv454KD5iTA==",
      "cpu": [
        "x64"
      ],
      "dev": true,
      "optional": true,
      "os": [
        "win32"
      ]
    },
    "node_modules/@neon-rs/cli": {
      "version": "0.0.202",
      "resolved": "https://registry.npmjs.org/@neon-rs/cli/-/cli-0.0.202.tgz",
      "integrity": "sha512-2Wrqf0gZXXFRhM9DJ2iFdsDnf0gQHEXOVu/55ULUvw4qdS93lNMZ3Cg7Ed5afBsm7NxMprh5Hb2/W2aKg3o6Sg==",
      "dev": true,
      "bin": {
        "neon": "index.js"
      },
      "optionalDependencies": {
        "@cargo-messages/android-arm-eabi": "0.0.200",
        "@cargo-messages/darwin-arm64": "0.0.197",
        "@cargo-messages/darwin-x64": "0.0.197",
        "@cargo-messages/linux-arm-gnueabihf": "0.0.197",
        "@cargo-messages/linux-x64-gnu": "0.0.197",
        "@cargo-messages/win32-arm64-msvc": "0.0.197",
        "@cargo-messages/win32-x64-msvc": "0.0.197"
      }
    },
    "node_modules/@neon-rs/load": {
      "version": "0.0.4",
      "resolved": "https://registry.npmjs.org/@neon-rs/load/-/load-0.0.4.tgz",
      "integrity": "sha512-kTPhdZyTQxB+2wpiRcFWrDcejc4JI6tkPuS7UZCG4l6Zvc5kU/gGQ/ozvHTh1XR5tS+UlfAfGuPajjzQjCiHCw=="
    },
    "node_modules/detect-libc": {
      "version": "2.0.2",
      "resolved": "https://registry.npmjs.org/detect-libc/-/detect-libc-2.0.2.tgz",
      "integrity": "sha512-UX6sGumvvqSaXgdKGUsgZWqcUyIXZ/vZTrlRT/iobiKhGL0zL4d3osHj3uqllWJK+i+sixDS/3COVEOFbupFyw==",
      "engines": {
        "node": ">=8"
      }
    }
  },
  "dependencies": {
    "@cargo-messages/android-arm-eabi": {
      "version": "0.0.200",
      "resolved": "https://registry.npmjs.org/@cargo-messages/android-arm-eabi/-/android-arm-eabi-0.0.200.tgz",
      "integrity": "sha512-pSg7uTFqCKG60/HaW72ooz51O5ASbmLSjl4R6qUnCQgU3E39z1gbScH292bd5HbbzL2X4a6wSwiZeKET7550cQ==",
      "dev": true,
      "optional": true
    },
    "@cargo-messages/darwin-arm64": {
      "version": "0.0.197",
      "resolved": "https://registry.npmjs.org/@cargo-messages/darwin-arm64/-/darwin-arm64-0.0.197.tgz",
      "integrity": "sha512-kg64fRSHRCX0U8/GnM4Xg9PPC4zBhj1phAGvuCa9UDKfOYpkX0OPTFULF9ux9F9sxBAiiPaMwNe6PIOlb1arSA==",
      "dev": true,
      "optional": true
    },
    "@cargo-messages/darwin-x64": {
      "version": "0.0.197",
      "resolved": "https://registry.npmjs.org/@cargo-messages/darwin-x64/-/darwin-x64-0.0.197.tgz",
      "integrity": "sha512-qsXkDUDQbH64znlg+w32ki0VCh4oCv1Zp4YsYRLWrSV1tDDfuueWpGyZEXtUhpjopCnEJtR0RR2moPpq+Jptzg==",
      "dev": true,
      "optional": true
    },
    "@cargo-messages/linux-arm-gnueabihf": {
      "version": "0.0.197",
      "resolved": "https://registry.npmjs.org/@cargo-messages/linux-arm-gnueabihf/-/linux-arm-gnueabihf-0.0.197.tgz",
      "integrity": "sha512-xuYrnYZJ1cF9PEq23cxhramgHy6pBS5afrkdU55bZbVMG/LQCDbANZD9mTuJn9xIyt5owku6IKD3+CdDCe04zA==",
      "dev": true,
      "optional": true
    },
    "@cargo-messages/linux-x64-gnu": {
      "version": "0.0.197",
      "resolved": "https://registry.npmjs.org/@cargo-messages/linux-x64-gnu/-/linux-x64-gnu-0.0.197.tgz",
      "integrity": "sha512-ov9RHVbu+tVd3T2shZTH0ALyXgd99WwtFO3/olfx8VlbmJsuzz0HKN79SzhU4cG95jS7PCYQ2lCa4M+EOoMiFA==",
      "dev": true,
      "optional": true
    },
    "@cargo-messages/win32-arm64-msvc": {
      "version": "0.0.197",
      "resolved": "https://registry.npmjs.org/@cargo-messages/win32-arm64-msvc/-/win32-arm64-msvc-0.0.197.tgz",
      "integrity": "sha512-OA5aH6bPVxadsrWd/yEIOZgbPasWNmw8ZKYXdg4k5FmPhKGCGZMQBjbRs3lLAM2Zf9iL7vMTsDHG0R0ypJirVA==",
      "dev": true,
      "optional": true
    },
    "@cargo-messages/win32-x64-msvc": {
      "version": "0.0.197",
      "resolved": "https://registry.npmjs.org/@cargo-messages/win32-x64-msvc/-/win32-x64-msvc-0.0.197.tgz",
      "integrity": "sha512-U66y7LeIQEuIiKCcrgGR4HBUSP4rU8OE455n2///cooHyaBxrLjyBinPeObC76qAul6WTYJhaQ0pv454KD5iTA==",
      "dev": true,
      "optional": true
    },
    "@neon-rs/cli": {
      "version": "0.0.202",
      "resolved": "https://registry.npmjs.org/@neon-rs/cli/-/cli-0.0.202.tgz",
      "integrity": "sha512-2Wrqf0gZXXFRhM9DJ2iFdsDnf0gQHEXOVu/55ULUvw4qdS93lNMZ3Cg7Ed5afBsm7NxMprh5Hb2/W2aKg3o6Sg==",
      "dev": true,
      "requires": {
        "@cargo-messages/android-arm-eabi": "0.0.200",
        "@cargo-messages/darwin-arm64": "0.0.197",
        "@cargo-messages/darwin-x64": "0.0.197",
        "@cargo-messages/linux-arm-gnueabihf": "0.0.197",
        "@cargo-messages/linux-x64-gnu": "0.0.197",
        "@cargo-messages/win32-arm64-msvc": "0.0.197",
        "@cargo-messages/win32-x64-msvc": "0.0.197"
      }
    },
    "@neon-rs/load": {
      "version": "0.0.4",
      "resolved": "https://registry.npmjs.org/@neon-rs/load/-/load-0.0.4.tgz",
      "integrity": "sha512-kTPhdZyTQxB+2wpiRcFWrDcejc4JI6tkPuS7UZCG4l6Zvc5kU/gGQ/ozvHTh1XR5tS+UlfAfGuPajjzQjCiHCw=="
    },
    "detect-libc": {
      "version": "2.0.2",
      "resolved": "https://registry.npmjs.org/detect-libc/-/detect-libc-2.0.2.tgz",
      "integrity": "sha512-UX6sGumvvqSaXgdKGUsgZWqcUyIXZ/vZTrlRT/iobiKhGL0zL4d3osHj3uqllWJK+i+sixDS/3COVEOFbupFyw=="
    }
  }
}
