{
  "name": "libsql",
  "version": "0.4.1",
  "lockfileVersion": 2,
  "requires": true,
  "packages": {
    "": {
      "name": "libsql",
      "version": "0.4.1",
      "cpu": [
        "x64",
        "arm64",
        "wasm32"
      ],
      "license": "MIT",
      "os": [
        "darwin",
        "linux",
        "win32"
      ],
      "dependencies": {
        "@neon-rs/load": "^0.0.4",
        "detect-libc": "2.0.2",
        "libsql": "^0.3.19"
      },
      "devDependencies": {
        "@neon-rs/cli": "^0.0.165",
        "typescript": "^5.4.5"
      },
      "optionalDependencies": {
        "@libsql/linux-x64-musl": "0.4.1"
      }
    },
    "node_modules/@cargo-messages/android-arm-eabi": {
      "version": "0.0.165",
      "resolved": "https://registry.npmjs.org/@cargo-messages/android-arm-eabi/-/android-arm-eabi-0.0.165.tgz",
      "integrity": "sha512-J8jnzObmdSOurNrhtN+9atKoEQHJBHmFpORJoFlus2RggPPqilAJsL4a073qlpLCnNbcAps23Ccayuj11uHlkg==",
      "cpu": [
        "arm"
      ],
      "dev": true,
      "optional": true,
      "os": [
        "android"
      ]
    },
    "node_modules/@cargo-messages/darwin-arm64": {
      "version": "0.0.165",
      "resolved": "https://registry.npmjs.org/@cargo-messages/darwin-arm64/-/darwin-arm64-0.0.165.tgz",
      "integrity": "sha512-KwP7NryO8KRGuSmoE/PaB/1M1W3iKUKZ3PQSNNfF9G/qUpqHLZH41eLSZx1FvD1q8Kvpv5ysY3Obwd8cTDDJ1A==",
      "cpu": [
        "arm64"
      ],
      "dev": true,
      "optional": true,
      "os": [
        "darwin"
      ]
    },
    "node_modules/@cargo-messages/darwin-x64": {
      "version": "0.0.165",
      "resolved": "https://registry.npmjs.org/@cargo-messages/darwin-x64/-/darwin-x64-0.0.165.tgz",
      "integrity": "sha512-reudoNbbnVqUSWb5lLqdOExYRkY7tdEopgp/ut9PgkOTkAzEoc36u2G+6GLm42uIU6CFzvzUvC5Vl4bSMLQ95A==",
      "cpu": [
        "x64"
      ],
      "dev": true,
      "optional": true,
      "os": [
        "darwin"
      ]
    },
    "node_modules/@cargo-messages/linux-arm-gnueabihf": {
      "version": "0.0.165",
      "resolved": "https://registry.npmjs.org/@cargo-messages/linux-arm-gnueabihf/-/linux-arm-gnueabihf-0.0.165.tgz",
      "integrity": "sha512-GVbdZQ8rwQF7kxTGasiW5N86fJKHaHuSKBJj/9GJj8OacRwpfdSYKdkTBu3AbNQfrqUQIGbzsjiiLed1gYtiSA==",
      "cpu": [
        "arm"
      ],
      "dev": true,
      "optional": true,
      "os": [
        "linux"
      ]
    },
    "node_modules/@cargo-messages/linux-x64-gnu": {
      "version": "0.0.165",
      "resolved": "https://registry.npmjs.org/@cargo-messages/linux-x64-gnu/-/linux-x64-gnu-0.0.165.tgz",
      "integrity": "sha512-CwbNW3ijMItDaKeX2SHag9G0uCmRDcTajh+fR01I5rNA49KNf0TrK92qWmOoj1Uql5RYe9uDfoYQRHwxfantrA==",
      "cpu": [
        "x64"
      ],
      "dev": true,
      "optional": true,
      "os": [
        "linux"
      ]
    },
    "node_modules/@cargo-messages/win32-arm64-msvc": {
      "version": "0.0.165",
      "resolved": "https://registry.npmjs.org/@cargo-messages/win32-arm64-msvc/-/win32-arm64-msvc-0.0.165.tgz",
      "integrity": "sha512-YjBCi0aS+ZVig4oVfs3VEefaY2RIK6KDMdF3ma0ccRxaAsebzOr7hTGwKC9qmGKZ2+B9RfK6m5bRn7W/uIhaWw==",
      "cpu": [
        "arm64"
      ],
      "dev": true,
      "optional": true,
      "os": [
        "win32"
      ]
    },
    "node_modules/@cargo-messages/win32-x64-msvc": {
      "version": "0.0.165",
      "resolved": "https://registry.npmjs.org/@cargo-messages/win32-x64-msvc/-/win32-x64-msvc-0.0.165.tgz",
      "integrity": "sha512-8aLHAdVWQdfFVMsQMIQHJHlFWmtLehYN/71xQo3x17NIY3eJjf+VejNLluKujRykjVx2/klc1KO2Jj1vzycifA==",
      "cpu": [
        "x64"
      ],
      "dev": true,
      "optional": true,
      "os": [
        "win32"
      ]
    },
    "node_modules/@libsql/darwin-arm64": {
      "version": "0.3.19",
      "resolved": "https://registry.npmjs.org/@libsql/darwin-arm64/-/darwin-arm64-0.3.19.tgz",
      "integrity": "sha512-rmOqsLcDI65zzxlUOoEiPJLhqmbFsZF6p4UJQ2kMqB+Kc0Rt5/A1OAdOZ/Wo8fQfJWjR1IbkbpEINFioyKf+nQ==",
      "cpu": [
        "arm64"
      ],
      "optional": true,
      "os": [
        "darwin"
      ]
    },
    "node_modules/@libsql/darwin-x64": {
      "version": "0.3.19",
      "resolved": "https://registry.npmjs.org/@libsql/darwin-x64/-/darwin-x64-0.3.19.tgz",
      "integrity": "sha512-q9O55B646zU+644SMmOQL3FIfpmEvdWpRpzubwFc2trsa+zoBlSkHuzU9v/C+UNoPHQVRMP7KQctJ455I/h/xw==",
      "cpu": [
        "x64"
      ],
      "optional": true,
      "os": [
        "darwin"
      ]
    },
    "node_modules/@libsql/linux-arm64-gnu": {
      "version": "0.3.19",
      "resolved": "https://registry.npmjs.org/@libsql/linux-arm64-gnu/-/linux-arm64-gnu-0.3.19.tgz",
      "integrity": "sha512-mgeAUU1oqqh57k7I3cQyU6Trpdsdt607eFyEmH5QO7dv303ti+LjUvh1pp21QWV6WX7wZyjeJV1/VzEImB+jRg==",
      "cpu": [
        "arm64"
      ],
      "optional": true,
      "os": [
        "linux"
      ]
    },
    "node_modules/@libsql/linux-arm64-musl": {
      "version": "0.3.19",
      "resolved": "https://registry.npmjs.org/@libsql/linux-arm64-musl/-/linux-arm64-musl-0.3.19.tgz",
      "integrity": "sha512-VEZtxghyK6zwGzU9PHohvNxthruSxBEnRrX7BSL5jQ62tN4n2JNepJ6SdzXp70pdzTfwroOj/eMwiPt94gkVRg==",
      "cpu": [
        "arm64"
      ],
      "optional": true,
      "os": [
        "linux"
      ]
    },
    "node_modules/@libsql/linux-x64-gnu": {
      "version": "0.3.19",
      "resolved": "https://registry.npmjs.org/@libsql/linux-x64-gnu/-/linux-x64-gnu-0.3.19.tgz",
      "integrity": "sha512-2t/J7LD5w2f63wGihEO+0GxfTyYIyLGEvTFEsMO16XI5o7IS9vcSHrxsvAJs4w2Pf907uDjmc7fUfMg6L82BrQ==",
      "cpu": [
        "x64"
      ],
      "optional": true,
      "os": [
        "linux"
      ]
    },
    "node_modules/@libsql/linux-x64-musl": {
      "version": "0.4.1",
      "resolved": "https://registry.npmjs.org/@libsql/linux-x64-musl/-/linux-x64-musl-0.4.1.tgz",
      "integrity": "sha512-PDidJ3AhGDqosGg3OAZzGxMFIbnuOALya4BoezJKl667AFv3x7BBQ30H81Mngsq3Fh8RkJkXSdWfL91+Txb1iA==",
      "cpu": [
        "x64"
      ],
      "optional": true,
      "os": [
        "linux"
      ]
    },
    "node_modules/@libsql/win32-x64-msvc": {
      "version": "0.3.19",
      "resolved": "https://registry.npmjs.org/@libsql/win32-x64-msvc/-/win32-x64-msvc-0.3.19.tgz",
      "integrity": "sha512-ay1X9AobE4BpzG0XPw1gplyLZPGHIgJOovvW23gUrukRegiUP62uzhpRbKNogLlUOynyXeq//prHgPXiebUfWg==",
      "cpu": [
        "x64"
      ],
      "optional": true,
      "os": [
        "win32"
      ]
    },
    "node_modules/@neon-rs/cli": {
      "version": "0.0.165",
      "resolved": "https://registry.npmjs.org/@neon-rs/cli/-/cli-0.0.165.tgz",
      "integrity": "sha512-jGIWtlQf6GzomurFnbM9txr26uY4MuPJEQaB+wP2jOKywrdYXzAed0NyjZuwR6RZJH+PphSKmG/U0Fhxw9XxTA==",
      "dev": true,
      "bin": {
        "neon": "index.js"
      },
      "optionalDependencies": {
        "@cargo-messages/android-arm-eabi": "0.0.165",
        "@cargo-messages/darwin-arm64": "0.0.165",
        "@cargo-messages/darwin-x64": "0.0.165",
        "@cargo-messages/linux-arm-gnueabihf": "0.0.165",
        "@cargo-messages/linux-x64-gnu": "0.0.165",
        "@cargo-messages/win32-arm64-msvc": "0.0.165",
        "@cargo-messages/win32-x64-msvc": "0.0.165"
      }
    },
    "node_modules/@neon-rs/load": {
      "version": "0.0.4",
      "resolved": "https://registry.npmjs.org/@neon-rs/load/-/load-0.0.4.tgz",
      "integrity": "sha512-kTPhdZyTQxB+2wpiRcFWrDcejc4JI6tkPuS7UZCG4l6Zvc5kU/gGQ/ozvHTh1XR5tS+UlfAfGuPajjzQjCiHCw=="
    },
    "node_modules/detect-libc": {
      "version": "2.0.2",
      "resolved": "https://registry.npmjs.org/detect-libc/-/detect-libc-2.0.2.tgz",
      "integrity": "sha512-UX6sGumvvqSaXgdKGUsgZWqcUyIXZ/vZTrlRT/iobiKhGL0zL4d3osHj3uqllWJK+i+sixDS/3COVEOFbupFyw==",
      "engines": {
        "node": ">=8"
      }
    },
    "node_modules/libsql": {
      "version": "0.3.19",
      "resolved": "https://registry.npmjs.org/libsql/-/libsql-0.3.19.tgz",
      "integrity": "sha512-Aj5cQ5uk/6fHdmeW0TiXK42FqUlwx7ytmMLPSaUQPin5HKKKuUPD62MAbN4OEweGBBI7q1BekoEN4gPUEL6MZA==",
      "cpu": [
        "x64",
        "arm64",
        "wasm32"
      ],
      "os": [
        "darwin",
        "linux",
        "win32"
      ],
      "dependencies": {
        "@neon-rs/load": "^0.0.4",
        "detect-libc": "2.0.2",
        "libsql": "^0.3.15"
      },
      "optionalDependencies": {
        "@libsql/darwin-arm64": "0.3.19",
        "@libsql/darwin-x64": "0.3.19",
        "@libsql/linux-arm64-gnu": "0.3.19",
        "@libsql/linux-arm64-musl": "0.3.19",
        "@libsql/linux-x64-gnu": "0.3.19",
        "@libsql/linux-x64-musl": "0.3.19",
        "@libsql/win32-x64-msvc": "0.3.19"
      }
    },
    "node_modules/libsql/node_modules/@libsql/linux-x64-musl": {
      "version": "0.3.19",
      "resolved": "https://registry.npmjs.org/@libsql/linux-x64-musl/-/linux-x64-musl-0.3.19.tgz",
      "integrity": "sha512-BLsXyJaL8gZD8+3W2LU08lDEd9MIgGds0yPy5iNPp8tfhXx3pV/Fge2GErN0FC+nzt4DYQtjL+A9GUMglQefXQ==",
      "cpu": [
        "x64"
      ],
      "optional": true,
      "os": [
        "linux"
      ]
    },
    "node_modules/typescript": {
      "version": "5.4.5",
      "resolved": "https://registry.npmjs.org/typescript/-/typescript-5.4.5.tgz",
      "integrity": "sha512-vcI4UpRgg81oIRUFwR0WSIHKt11nJ7SAVlYNIu+QpqeyXP+gpQJy/Z4+F0aGxSE4MqwjyXvW/TzgkLAx2AGHwQ==",
      "dev": true,
      "bin": {
        "tsc": "bin/tsc",
        "tsserver": "bin/tsserver"
      },
      "engines": {
        "node": ">=14.17"
      }
    }
  },
  "dependencies": {
    "@cargo-messages/android-arm-eabi": {
      "version": "0.0.165",
      "resolved": "https://registry.npmjs.org/@cargo-messages/android-arm-eabi/-/android-arm-eabi-0.0.165.tgz",
      "integrity": "sha512-J8jnzObmdSOurNrhtN+9atKoEQHJBHmFpORJoFlus2RggPPqilAJsL4a073qlpLCnNbcAps23Ccayuj11uHlkg==",
      "dev": true,
      "optional": true
    },
    "@cargo-messages/darwin-arm64": {
      "version": "0.0.165",
      "resolved": "https://registry.npmjs.org/@cargo-messages/darwin-arm64/-/darwin-arm64-0.0.165.tgz",
      "integrity": "sha512-KwP7NryO8KRGuSmoE/PaB/1M1W3iKUKZ3PQSNNfF9G/qUpqHLZH41eLSZx1FvD1q8Kvpv5ysY3Obwd8cTDDJ1A==",
      "dev": true,
      "optional": true
    },
    "@cargo-messages/darwin-x64": {
      "version": "0.0.165",
      "resolved": "https://registry.npmjs.org/@cargo-messages/darwin-x64/-/darwin-x64-0.0.165.tgz",
      "integrity": "sha512-reudoNbbnVqUSWb5lLqdOExYRkY7tdEopgp/ut9PgkOTkAzEoc36u2G+6GLm42uIU6CFzvzUvC5Vl4bSMLQ95A==",
      "dev": true,
      "optional": true
    },
    "@cargo-messages/linux-arm-gnueabihf": {
      "version": "0.0.165",
      "resolved": "https://registry.npmjs.org/@cargo-messages/linux-arm-gnueabihf/-/linux-arm-gnueabihf-0.0.165.tgz",
      "integrity": "sha512-GVbdZQ8rwQF7kxTGasiW5N86fJKHaHuSKBJj/9GJj8OacRwpfdSYKdkTBu3AbNQfrqUQIGbzsjiiLed1gYtiSA==",
      "dev": true,
      "optional": true
    },
    "@cargo-messages/linux-x64-gnu": {
      "version": "0.0.165",
      "resolved": "https://registry.npmjs.org/@cargo-messages/linux-x64-gnu/-/linux-x64-gnu-0.0.165.tgz",
      "integrity": "sha512-CwbNW3ijMItDaKeX2SHag9G0uCmRDcTajh+fR01I5rNA49KNf0TrK92qWmOoj1Uql5RYe9uDfoYQRHwxfantrA==",
      "dev": true,
      "optional": true
    },
    "@cargo-messages/win32-arm64-msvc": {
      "version": "0.0.165",
      "resolved": "https://registry.npmjs.org/@cargo-messages/win32-arm64-msvc/-/win32-arm64-msvc-0.0.165.tgz",
      "integrity": "sha512-YjBCi0aS+ZVig4oVfs3VEefaY2RIK6KDMdF3ma0ccRxaAsebzOr7hTGwKC9qmGKZ2+B9RfK6m5bRn7W/uIhaWw==",
      "dev": true,
      "optional": true
    },
    "@cargo-messages/win32-x64-msvc": {
      "version": "0.0.165",
      "resolved": "https://registry.npmjs.org/@cargo-messages/win32-x64-msvc/-/win32-x64-msvc-0.0.165.tgz",
      "integrity": "sha512-8aLHAdVWQdfFVMsQMIQHJHlFWmtLehYN/71xQo3x17NIY3eJjf+VejNLluKujRykjVx2/klc1KO2Jj1vzycifA==",
      "dev": true,
      "optional": true
    },
    "@libsql/darwin-arm64": {
      "version": "0.3.19",
      "resolved": "https://registry.npmjs.org/@libsql/darwin-arm64/-/darwin-arm64-0.3.19.tgz",
      "integrity": "sha512-rmOqsLcDI65zzxlUOoEiPJLhqmbFsZF6p4UJQ2kMqB+Kc0Rt5/A1OAdOZ/Wo8fQfJWjR1IbkbpEINFioyKf+nQ==",
      "optional": true
    },
    "@libsql/darwin-x64": {
      "version": "0.3.19",
      "resolved": "https://registry.npmjs.org/@libsql/darwin-x64/-/darwin-x64-0.3.19.tgz",
      "integrity": "sha512-q9O55B646zU+644SMmOQL3FIfpmEvdWpRpzubwFc2trsa+zoBlSkHuzU9v/C+UNoPHQVRMP7KQctJ455I/h/xw==",
      "optional": true
    },
    "@libsql/linux-arm64-gnu": {
      "version": "0.3.19",
      "resolved": "https://registry.npmjs.org/@libsql/linux-arm64-gnu/-/linux-arm64-gnu-0.3.19.tgz",
      "integrity": "sha512-mgeAUU1oqqh57k7I3cQyU6Trpdsdt607eFyEmH5QO7dv303ti+LjUvh1pp21QWV6WX7wZyjeJV1/VzEImB+jRg==",
      "optional": true
    },
    "@libsql/linux-arm64-musl": {
      "version": "0.3.19",
      "resolved": "https://registry.npmjs.org/@libsql/linux-arm64-musl/-/linux-arm64-musl-0.3.19.tgz",
      "integrity": "sha512-VEZtxghyK6zwGzU9PHohvNxthruSxBEnRrX7BSL5jQ62tN4n2JNepJ6SdzXp70pdzTfwroOj/eMwiPt94gkVRg==",
      "optional": true
    },
    "@libsql/linux-x64-gnu": {
      "version": "0.3.19",
      "resolved": "https://registry.npmjs.org/@libsql/linux-x64-gnu/-/linux-x64-gnu-0.3.19.tgz",
      "integrity": "sha512-2t/J7LD5w2f63wGihEO+0GxfTyYIyLGEvTFEsMO16XI5o7IS9vcSHrxsvAJs4w2Pf907uDjmc7fUfMg6L82BrQ==",
      "optional": true
    },
    "@libsql/linux-x64-musl": {
      "version": "0.4.1",
      "resolved": "https://registry.npmjs.org/@libsql/linux-x64-musl/-/linux-x64-musl-0.4.1.tgz",
      "integrity": "sha512-PDidJ3AhGDqosGg3OAZzGxMFIbnuOALya4BoezJKl667AFv3x7BBQ30H81Mngsq3Fh8RkJkXSdWfL91+Txb1iA==",
      "optional": true
    },
    "@libsql/win32-x64-msvc": {
      "version": "0.3.19",
      "resolved": "https://registry.npmjs.org/@libsql/win32-x64-msvc/-/win32-x64-msvc-0.3.19.tgz",
      "integrity": "sha512-ay1X9AobE4BpzG0XPw1gplyLZPGHIgJOovvW23gUrukRegiUP62uzhpRbKNogLlUOynyXeq//prHgPXiebUfWg==",
      "optional": true
    },
    "@neon-rs/cli": {
      "version": "0.0.165",
      "resolved": "https://registry.npmjs.org/@neon-rs/cli/-/cli-0.0.165.tgz",
      "integrity": "sha512-jGIWtlQf6GzomurFnbM9txr26uY4MuPJEQaB+wP2jOKywrdYXzAed0NyjZuwR6RZJH+PphSKmG/U0Fhxw9XxTA==",
      "dev": true,
      "requires": {
        "@cargo-messages/android-arm-eabi": "0.0.165",
        "@cargo-messages/darwin-arm64": "0.0.165",
        "@cargo-messages/darwin-x64": "0.0.165",
        "@cargo-messages/linux-arm-gnueabihf": "0.0.165",
        "@cargo-messages/linux-x64-gnu": "0.0.165",
        "@cargo-messages/win32-arm64-msvc": "0.0.165",
        "@cargo-messages/win32-x64-msvc": "0.0.165"
      }
    },
    "@neon-rs/load": {
      "version": "0.0.4",
      "resolved": "https://registry.npmjs.org/@neon-rs/load/-/load-0.0.4.tgz",
      "integrity": "sha512-kTPhdZyTQxB+2wpiRcFWrDcejc4JI6tkPuS7UZCG4l6Zvc5kU/gGQ/ozvHTh1XR5tS+UlfAfGuPajjzQjCiHCw=="
    },
    "detect-libc": {
      "version": "2.0.2",
      "resolved": "https://registry.npmjs.org/detect-libc/-/detect-libc-2.0.2.tgz",
      "integrity": "sha512-UX6sGumvvqSaXgdKGUsgZWqcUyIXZ/vZTrlRT/iobiKhGL0zL4d3osHj3uqllWJK+i+sixDS/3COVEOFbupFyw=="
    },
    "libsql": {
      "version": "0.3.19",
      "resolved": "https://registry.npmjs.org/libsql/-/libsql-0.3.19.tgz",
      "integrity": "sha512-Aj5cQ5uk/6fHdmeW0TiXK42FqUlwx7ytmMLPSaUQPin5HKKKuUPD62MAbN4OEweGBBI7q1BekoEN4gPUEL6MZA==",
      "requires": {
        "@libsql/darwin-arm64": "0.3.19",
        "@libsql/darwin-x64": "0.3.19",
        "@libsql/linux-arm64-gnu": "0.3.19",
        "@libsql/linux-arm64-musl": "0.3.19",
        "@libsql/linux-x64-gnu": "0.3.19",
        "@libsql/linux-x64-musl": "0.3.19",
        "@libsql/win32-x64-msvc": "0.3.19",
        "@neon-rs/load": "^0.0.4",
        "detect-libc": "2.0.2",
        "libsql": "^0.3.15"
      },
      "dependencies": {
        "@libsql/linux-x64-musl": {
          "version": "0.3.19",
          "resolved": "https://registry.npmjs.org/@libsql/linux-x64-musl/-/linux-x64-musl-0.3.19.tgz",
          "integrity": "sha512-BLsXyJaL8gZD8+3W2LU08lDEd9MIgGds0yPy5iNPp8tfhXx3pV/Fge2GErN0FC+nzt4DYQtjL+A9GUMglQefXQ==",
          "optional": true
        }
      }
    },
    "typescript": {
      "version": "5.4.5",
      "resolved": "https://registry.npmjs.org/typescript/-/typescript-5.4.5.tgz",
      "integrity": "sha512-vcI4UpRgg81oIRUFwR0WSIHKt11nJ7SAVlYNIu+QpqeyXP+gpQJy/Z4+F0aGxSE4MqwjyXvW/TzgkLAx2AGHwQ==",
      "dev": true
    }
  }
}
