{
  "name": "libsql-example",
  "version": "1.0.0",
  "lockfileVersion": 2,
  "requires": true,
  "packages": {
    "": {
      "name": "libsql-example",
      "version": "1.0.0",
      "license": "ISC",
      "dependencies": {
        "libsql-experimental": "^0.0.2"
      }
    },
    "node_modules/@libsql/experimental-darwin-arm64": {
      "version": "0.0.2",
      "resolved": "https://registry.npmjs.org/@libsql/experimental-darwin-arm64/-/experimental-darwin-arm64-0.0.2.tgz",
      "integrity": "sha512-i4AfONED7YOIO3v6cbK+B0QMoB3/Or15os5P0rZ/LiCntd9owaQZTcnPNiLvbHOoMnYq3S3YiXZHs+F8XZvBew==",
      "cpu": [
        "arm64"
      ],
      "optional": true,
      "os": [
        "darwin"
      ]
    },
    "node_modules/@libsql/experimental-linux-x64-gnu": {
      "version": "0.0.2",
      "resolved": "https://registry.npmjs.org/@libsql/experimental-linux-x64-gnu/-/experimental-linux-x64-gnu-0.0.2.tgz",
      "integrity": "sha512-E76RcGa6LfEqz0ENxb0cxVfqA2rKtO9eD16fhpC6Rao73Ra5FO8I0XzzHvn1xst4s4bJzBm/U0p3S73VlUK7Lw==",
      "cpu": [
        "x64"
      ],
      "optional": true,
      "os": [
        "linux"
      ]
    },
    "node_modules/@neon-rs/load": {
      "version": "0.0.4",
      "resolved": "https://registry.npmjs.org/@neon-rs/load/-/load-0.0.4.tgz",
      "integrity": "sha512-kTPhdZyTQxB+2wpiRcFWrDcejc4JI6tkPuS7UZCG4l6Zvc5kU/gGQ/ozvHTh1XR5tS+UlfAfGuPajjzQjCiHCw=="
    },
    "node_modules/libsql-experimental": {
      "version": "0.0.2",
      "resolved": "https://registry.npmjs.org/libsql-experimental/-/libsql-experimental-0.0.2.tgz",
      "integrity": "sha512-AHlgYvHtM/QYxVYWdiNBw+45nHw7VbSG1QhanR+0dMxGcAuwuZWntojxCg8SLlsK5tr4OpSzhzakw6cnKw04rw==",
      "cpu": [
        "x64",
        "arm64"
      ],
      "os": [
        "darwin",
        "linux"
      ],
      "dependencies": {
        "@neon-rs/load": "^0.0.4"
      },
      "optionalDependencies": {
        "@libsql-experimental/darwin-arm64": "0.0.1",
        "@libsql-experimental/linux-x64-gnu": "0.0.1",
        "@libsql/experimental-darwin-arm64": "0.0.2",
        "@libsql/experimental-linux-x64-gnu": "0.0.2"
      }
    }
  },
  "dependencies": {
    "@libsql/experimental-darwin-arm64": {
      "version": "0.0.2",
      "resolved": "https://registry.npmjs.org/@libsql/experimental-darwin-arm64/-/experimental-darwin-arm64-0.0.2.tgz",
      "integrity": "sha512-i4AfONED7YOIO3v6cbK+B0QMoB3/Or15os5P0rZ/LiCntd9owaQZTcnPNiLvbHOoMnYq3S3YiXZHs+F8XZvBew==",
      "optional": true
    },
    "@libsql/experimental-linux-x64-gnu": {
      "version": "0.0.2",
      "resolved": "https://registry.npmjs.org/@libsql/experimental-linux-x64-gnu/-/experimental-linux-x64-gnu-0.0.2.tgz",
      "integrity": "sha512-E76RcGa6LfEqz0ENxb0cxVfqA2rKtO9eD16fhpC6Rao73Ra5FO8I0XzzHvn1xst4s4bJzBm/U0p3S73VlUK7Lw==",
      "optional": true
    },
    "@neon-rs/load": {
      "version": "0.0.4",
      "resolved": "https://registry.npmjs.org/@neon-rs/load/-/load-0.0.4.tgz",
      "integrity": "sha512-kTPhdZyTQxB+2wpiRcFWrDcejc4JI6tkPuS7UZCG4l6Zvc5kU/gGQ/ozvHTh1XR5tS+UlfAfGuPajjzQjCiHCw=="
    },
    "libsql-experimental": {
      "version": "0.0.2",
      "resolved": "https://registry.npmjs.org/libsql-experimental/-/libsql-experimental-0.0.2.tgz",
      "integrity": "sha512-AHlgYvHtM/QYxVYWdiNBw+45nHw7VbSG1QhanR+0dMxGcAuwuZWntojxCg8SLlsK5tr4OpSzhzakw6cnKw04rw==",
      "requires": {
        "@libsql-experimental/darwin-arm64": "0.0.1",
        "@libsql-experimental/linux-x64-gnu": "0.0.1",
        "@libsql/experimental-darwin-arm64": "0.0.2",
        "@libsql/experimental-linux-x64-gnu": "0.0.2",
        "@neon-rs/load": "^0.0.4"
      }
    }
  }
}
